{
  "lockfileVersion": 1,
  "configVersion": 1,
  "workspaces": {
    "": {
      "name": "pushtracker",
      "dependencies": {
        "luxon": "^3.6.0",
      },
      "devDependencies": {
        "@types/luxon": "^3.4.0",
      },
    },
  },
  "packages": {
    "@types/luxon": ["@types/luxon@3.7.1", "", {}, "sha512-H3iskjFIAn5SlJU7OuxUmTEpebK6TKB8rxZShDslBMZJ5u9S//KM1sbdAisiSrqwLQncVjnpi2OK2J51h+4lsg=="],

    "luxon": ["luxon@3.7.2", "", {}, "sha512-vtEhXh/gNjI9Yg1u4jX/0YVPMvxzHuGgCm6tC5kZyb08yjGWGnqAjGJvcXbqQR2P3MyMEFnRbpcdFS6PBcLqew=="],
  }
}
